// !$*UTF8*$!
{
	archiveVersion = 1;
	classes = {
	};
	objectVersion = 56;
	objects = {

/* Begin PBXBuildFile section */
		46F4731E2BDC09780004DDBF /* AppDelegate.swift in Sources */ = {isa = PBXBuildFile; fileRef = 46F4731D2BDC09780004DDBF /* AppDelegate.swift */; };
		46F473202BDC09780004DDBF /* SceneDelegate.swift in Sources */ = {isa = PBXBuildFile; fileRef = 46F4731F2BDC09780004DDBF /* SceneDelegate.swift */; };
		46F473222BDC09780004DDBF /* ViewController.swift in Sources */ = {isa = PBXBuildFile; fileRef = 46F473212BDC09780004DDBF /* ViewController.swift */; };
		46F473252BDC09780004DDBF /* Base in Resources */ = {isa = PBXBuildFile; fileRef = 46F473242BDC09780004DDBF /* Base */; };
		46F473272BDC09790004DDBF /* Assets.xcassets in Resources */ = {isa = PBXBuildFile; fileRef = 46F473262BDC09790004DDBF /* Assets.xcassets */; };
		46F4732A2BDC09790004DDBF /* Base in Resources */ = {isa = PBXBuildFile; fileRef = 46F473292BDC09790004DDBF /* Base */; };
		46F473352BDC09790004DDBF /* MVVMTests.swift in Sources */ = {isa = PBXBuildFile; fileRef = 46F473342BDC09790004DDBF /* MVVMTests.swift */; };
		46F4733F2BDC09790004DDBF /* MVVMUITests.swift in Sources */ = {isa = PBXBuildFile; fileRef = 46F4733E2BDC09790004DDBF /* MVVMUITests.swift */; };
		46F473412BDC09790004DDBF /* MVVMUITestsLaunchTests.swift in Sources */ = {isa = PBXBuildFile; fileRef = 46F473402BDC09790004DDBF /* MVVMUITestsLaunchTests.swift */; };
		46F473502BDC11CE0004DDBF /* LoginModel.swift in Sources */ = {isa = PBXBuildFile; fileRef = 46F4734F2BDC11CE0004DDBF /* LoginModel.swift */; };
		46F473522BDC12F90004DDBF /* LoginViewModel.swift in Sources */ = {isa = PBXBuildFile; fileRef = 46F473512BDC12F90004DDBF /* LoginViewModel.swift */; };
/* End PBXBuildFile section */

/* Begin PBXContainerItemProxy section */
		46F473312BDC09790004DDBF /* PBXContainerItemProxy */ = {
			isa = PBXContainerItemProxy;
			containerPortal = 46F473122BDC09780004DDBF /* Project object */;
			proxyType = 1;
			remoteGlobalIDString = 46F473192BDC09780004DDBF;
			remoteInfo = MVVM;
		};
		46F4733B2BDC09790004DDBF /* PBXContainerItemProxy */ = {
			isa = PBXContainerItemProxy;
			containerPortal = 46F473122BDC09780004DDBF /* Project object */;
			proxyType = 1;
			remoteGlobalIDString = 46F473192BDC09780004DDBF;
			remoteInfo = MVVM;
		};
/* End PBXContainerItemProxy section */

/* Begin PBXFileReference section */
		46F4731A2BDC09780004DDBF /* MVVM.app */ = {isa = PBXFileReference; explicitFileType = wrapper.application; includeInIndex = 0; path = MVVM.app; sourceTree = BUILT_PRODUCTS_DIR; };
		46F4731D2BDC09780004DDBF /* AppDelegate.swift */ = {isa = PBXFileReference; lastKnownFileType = sourcecode.swift; path = AppDelegate.swift; sourceTree = "<group>"; };
		46F4731F2BDC09780004DDBF /* SceneDelegate.swift */ = {isa = PBXFileReference; lastKnownFileType = sourcecode.swift; path = SceneDelegate.swift; sourceTree = "<group>"; };
		46F473212BDC09780004DDBF /* ViewController.swift */ = {isa = PBXFileReference; lastKnownFileType = sourcecode.swift; path = ViewController.swift; sourceTree = "<group>"; };
		46F473242BDC09780004DDBF /* Base */ = {isa = PBXFileReference; lastKnownFileType = file.storyboard; name = Base; path = Base.lproj/Main.storyboard; sourceTree = "<group>"; };
		46F473262BDC09790004DDBF /* Assets.xcassets */ = {isa = PBXFileReference; lastKnownFileType = folder.assetcatalog; path = Assets.xcassets; sourceTree = "<group>"; };
		46F473292BDC09790004DDBF /* Base */ = {isa = PBXFileReference; lastKnownFileType = file.storyboard; name = Base; path = Base.lproj/LaunchScreen.storyboard; sourceTree = "<group>"; };
		46F4732B2BDC09790004DDBF /* Info.plist */ = {isa = PBXFileReference; lastKnownFileType = text.plist.xml; path = Info.plist; sourceTree = "<group>"; };
		46F473302BDC09790004DDBF /* MVVMTests.xctest */ = {isa = PBXFileReference; explicitFileType = wrapper.cfbundle; includeInIndex = 0; path = MVVMTests.xctest; sourceTree = BUILT_PRODUCTS_DIR; };
		46F473342BDC09790004DDBF /* MVVMTests.swift */ = {isa = PBXFileReference; lastKnownFileType = sourcecode.swift; path = MVVMTests.swift; sourceTree = "<group>"; };
		46F4733A2BDC09790004DDBF /* MVVMUITests.xctest */ = {isa = PBXFileReference; explicitFileType = wrapper.cfbundle; includeInIndex = 0; path = MVVMUITests.xctest; sourceTree = BUILT_PRODUCTS_DIR; };
		46F4733E2BDC09790004DDBF /* MVVMUITests.swift */ = {isa = PBXFileReference; lastKnownFileType = sourcecode.swift; path = MVVMUITests.swift; sourceTree = "<group>"; };
		46F473402BDC09790004DDBF /* MVVMUITestsLaunchTests.swift */ = {isa = PBXFileReference; lastKnownFileType = sourcecode.swift; path = MVVMUITestsLaunchTests.swift; sourceTree = "<group>"; };
		46F4734F2BDC11CE0004DDBF /* LoginModel.swift */ = {isa = PBXFileReference; lastKnownFileType = sourcecode.swift; path = LoginModel.swift; sourceTree = "<group>"; };
		46F473512BDC12F90004DDBF /* LoginViewModel.swift */ = {isa = PBXFileReference; lastKnownFileType = sourcecode.swift; path = LoginViewModel.swift; sourceTree = "<group>"; };
/* End PBXFileReference section */

/* Begin PBXFrameworksBuildPhase section */
		46F473172BDC09780004DDBF /* Frameworks */ = {
			isa = PBXFrameworksBuildPhase;
			buildActionMask = 2147483647;
			files = (
			);
			runOnlyForDeploymentPostprocessing = 0;
		};
		46F4732D2BDC09790004DDBF /* Frameworks */ = {
			isa = PBXFrameworksBuildPhase;
			buildActionMask = 2147483647;
			files = (
			);
			runOnlyForDeploymentPostprocessing = 0;
		};
		46F473372BDC09790004DDBF /* Frameworks */ = {
			isa = PBXFrameworksBuildPhase;
			buildActionMask = 2147483647;
			files = (
			);
			runOnlyForDeploymentPostprocessing = 0;
		};
/* End PBXFrameworksBuildPhase section */

/* Begin PBXGroup section */
		46F473112BDC09780004DDBF = {
			isa = PBXGroup;
			children = (
				46F4731C2BDC09780004DDBF /* MVVM */,
				46F473332BDC09790004DDBF /* MVVMTests */,
				46F4733D2BDC09790004DDBF /* MVVMUITests */,
				46F4731B2BDC09780004DDBF /* Products */,
			);
			sourceTree = "<group>";
		};
		46F4731B2BDC09780004DDBF /* Products */ = {
			isa = PBXGroup;
			children = (
				46F4731A2BDC09780004DDBF /* MVVM.app */,
				46F473302BDC09790004DDBF /* MVVMTests.xctest */,
				46F4733A2BDC09790004DDBF /* MVVMUITests.xctest */,
			);
			name = Products;
			sourceTree = "<group>";
		};
		46F4731C2BDC09780004DDBF /* MVVM */ = {
			isa = PBXGroup;
			children = (
				46F4734E2BDC11AF0004DDBF /* ViewModel */,
				46F4734D2BDC11A80004DDBF /* Model */,
				46F4731D2BDC09780004DDBF /* AppDelegate.swift */,
				46F4731F2BDC09780004DDBF /* SceneDelegate.swift */,
				46F473212BDC09780004DDBF /* ViewController.swift */,
				46F473232BDC09780004DDBF /* Main.storyboard */,
				46F473262BDC09790004DDBF /* Assets.xcassets */,
				46F473282BDC09790004DDBF /* LaunchScreen.storyboard */,
				46F4732B2BDC09790004DDBF /* Info.plist */,
			);
			path = MVVM;
			sourceTree = "<group>";
		};
		46F473332BDC09790004DDBF /* MVVMTests */ = {
			isa = PBXGroup;
			children = (
				46F473342BDC09790004DDBF /* MVVMTests.swift */,
			);
			path = MVVMTests;
			sourceTree = "<group>";
		};
		46F4733D2BDC09790004DDBF /* MVVMUITests */ = {
			isa = PBXGroup;
			children = (
				46F4733E2BDC09790004DDBF /* MVVMUITests.swift */,
				46F473402BDC09790004DDBF /* MVVMUITestsLaunchTests.swift */,
			);
			path = MVVMUITests;
			sourceTree = "<group>";
		};
		46F4734D2BDC11A80004DDBF /* Model */ = {
			isa = PBXGroup;
			children = (
				46F4734F2BDC11CE0004DDBF /* LoginModel.swift */,
			);
			path = Model;
			sourceTree = "<group>";
		};
		46F4734E2BDC11AF0004DDBF /* ViewModel */ = {
			isa = PBXGroup;
			children = (
				46F473512BDC12F90004DDBF /* LoginViewModel.swift */,
			);
			path = ViewModel;
			sourceTree = "<group>";
		};
/* End PBXGroup section */

/* Begin PBXNativeTarget section */
		46F473192BDC09780004DDBF /* MVVM */ = {
			isa = PBXNativeTarget;
			buildConfigurationList = 46F473442BDC09790004DDBF /* Build configuration list for PBXNativeTarget "MVVM" */;
			buildPhases = (
				46F473162BDC09780004DDBF /* Sources */,
				46F473172BDC09780004DDBF /* Frameworks */,
				46F473182BDC09780004DDBF /* Resources */,
			);
			buildRules = (
			);
			dependencies = (
			);
			name = MVVM;
			productName = MVVM;
			productReference = 46F4731A2BDC09780004DDBF /* MVVM.app */;
			productType = "com.apple.product-type.application";
		};
		46F4732F2BDC09790004DDBF /* MVVMTests */ = {
			isa = PBXNativeTarget;
			buildConfigurationList = 46F473472BDC09790004DDBF /* Build configuration list for PBXNativeTarget "MVVMTests" */;
			buildPhases = (
				46F4732C2BDC09790004DDBF /* Sources */,
				46F4732D2BDC09790004DDBF /* Frameworks */,
				46F4732E2BDC09790004DDBF /* Resources */,
			);
			buildRules = (
			);
			dependencies = (
				46F473322BDC09790004DDBF /* PBXTargetDependency */,
			);
			name = MVVMTests;
			productName = MVVMTests;
			productReference = 46F473302BDC09790004DDBF /* MVVMTests.xctest */;
			productType = "com.apple.product-type.bundle.unit-test";
		};
		46F473392BDC09790004DDBF /* MVVMUITests */ = {
			isa = PBXNativeTarget;
			buildConfigurationList = 46F4734A2BDC09790004DDBF /* Build configuration list for PBXNativeTarget "MVVMUITests" */;
			buildPhases = (
				46F473362BDC09790004DDBF /* Sources */,
				46F473372BDC09790004DDBF /* Frameworks */,
				46F473382BDC09790004DDBF /* Resources */,
			);
			buildRules = (
			);
			dependencies = (
				46F4733C2BDC09790004DDBF /* PBXTargetDependency */,
			);
			name = MVVMUITests;
			productName = MVVMUITests;
			productReference = 46F4733A2BDC09790004DDBF /* MVVMUITests.xctest */;
			productType = "com.apple.product-type.bundle.ui-testing";
		};
/* End PBXNativeTarget section */

/* Begin PBXProject section */
		46F473122BDC09780004DDBF /* Project object */ = {
			isa = PBXProject;
			attributes = {
				BuildIndependentTargetsInParallel = 1;
				LastSwiftUpdateCheck = 1530;
				LastUpgradeCheck = 1530;
				TargetAttributes = {
					46F473192BDC09780004DDBF = {
						CreatedOnToolsVersion = 15.3;
					};
					46F4732F2BDC09790004DDBF = {
						CreatedOnToolsVersion = 15.3;
						TestTargetID = 46F473192BDC09780004DDBF;
					};
					46F473392BDC09790004DDBF = {
						CreatedOnToolsVersion = 15.3;
						TestTargetID = 46F473192BDC09780004DDBF;
					};
				};
			};
			buildConfigurationList = 46F473152BDC09780004DDBF /* Build configuration list for PBXProject "MVVM" */;
			compatibilityVersion = "Xcode 14.0";
			developmentRegion = en;
			hasScannedForEncodings = 0;
			knownRegions = (
				en,
				Base,
			);
			mainGroup = 46F473112BDC09780004DDBF;
			productRefGroup = 46F4731B2BDC09780004DDBF /* Products */;
			projectDirPath = "";
			projectRoot = "";
			targets = (
				46F473192BDC09780004DDBF /* MVVM */,
				46F4732F2BDC09790004DDBF /* MVVMTests */,
				46F473392BDC09790004DDBF /* MVVMUITests */,
			);
		};
/* End PBXProject section */

/* Begin PBXResourcesBuildPhase section */
		46F473182BDC09780004DDBF /* Resources */ = {
			isa = PBXResourcesBuildPhase;
			buildActionMask = 2147483647;
			files = (
				46F473272BDC09790004DDBF /* Assets.xcassets in Resources */,
				46F4732A2BDC09790004DDBF /* Base in Resources */,
				46F473252BDC09780004DDBF /* Base in Resources */,
			);
			runOnlyForDeploymentPostprocessing = 0;
		};
		46F4732E2BDC09790004DDBF /* Resources */ = {
			isa = PBXResourcesBuildPhase;
			buildActionMask = 2147483647;
			files = (
			);
			runOnlyForDeploymentPostprocessing = 0;
		};
		46F473382BDC09790004DDBF /* Resources */ = {
			isa = PBXResourcesBuildPhase;
			buildActionMask = 2147483647;
			files = (
			);
			runOnlyForDeploymentPostprocessing = 0;
		};
/* End PBXResourcesBuildPhase section */

/* Begin PBXSourcesBuildPhase section */
		46F473162BDC09780004DDBF /* Sources */ = {
			isa = PBXSourcesBuildPhase;
			buildActionMask = 2147483647;
			files = (
				46F473222BDC09780004DDBF /* ViewController.swift in Sources */,
				46F473502BDC11CE0004DDBF /* LoginModel.swift in Sources */,
				46F4731E2BDC09780004DDBF /* AppDelegate.swift in Sources */,
				46F473522BDC12F90004DDBF /* LoginViewModel.swift in Sources */,
				46F473202BDC09780004DDBF /* SceneDelegate.swift in Sources */,
			);
			runOnlyForDeploymentPostprocessing = 0;
		};
		46F4732C2BDC09790004DDBF /* Sources */ = {
			isa = PBXSourcesBuildPhase;
			buildActionMask = 2147483647;
			files = (
				46F473352BDC09790004DDBF /* MVVMTests.swift in Sources */,
			);
			runOnlyForDeploymentPostprocessing = 0;
		};
		46F473362BDC09790004DDBF /* Sources */ = {
			isa = PBXSourcesBuildPhase;
			buildActionMask = 2147483647;
			files = (
				46F473412BDC09790004DDBF /* MVVMUITestsLaunchTests.swift in Sources */,
				46F4733F2BDC09790004DDBF /* MVVMUITests.swift in Sources */,
			);
			runOnlyForDeploymentPostprocessing = 0;
		};
/* End PBXSourcesBuildPhase section */

/* Begin PBXTargetDependency section */
		46F473322BDC09790004DDBF /* PBXTargetDependency */ = {
			isa = PBXTargetDependency;
			target = 46F473192BDC09780004DDBF /* MVVM */;
			targetProxy = 46F473312BDC09790004DDBF /* PBXContainerItemProxy */;
		};
		46F4733C2BDC09790004DDBF /* PBXTargetDependency */ = {
			isa = PBXTargetDependency;
			target = 46F473192BDC09780004DDBF /* MVVM */;
			targetProxy = 46F4733B2BDC09790004DDBF /* PBXContainerItemProxy */;
		};
/* End PBXTargetDependency section */

/* Begin PBXVariantGroup section */
		46F473232BDC09780004DDBF /* Main.storyboard */ = {
			isa = PBXVariantGroup;
			children = (
				46F473242BDC09780004DDBF /* Base */,
			);
			name = Main.storyboard;
			sourceTree = "<group>";
		};
		46F473282BDC09790004DDBF /* LaunchScreen.storyboard */ = {
			isa = PBXVariantGroup;
			children = (
				46F473292BDC09790004DDBF /* Base */,
			);
			name = LaunchScreen.storyboard;
			sourceTree = "<group>";
		};
/* End PBXVariantGroup section */

/* Begin XCBuildConfiguration section */
		46F473422BDC09790004DDBF /* Debug */ = {
			isa = XCBuildConfiguration;
			buildSettings = {
				ALWAYS_SEARCH_USER_PATHS = NO;
				ASSETCATALOG_COMPILER_GENERATE_SWIFT_ASSET_SYMBOL_EXTENSIONS = YES;
				CLANG_ANALYZER_NONNULL = YES;
				CLANG_ANALYZER_NUMBER_OBJECT_CONVERSION = YES_AGGRESSIVE;
				CLANG_CXX_LANGUAGE_STANDARD = "gnu++20";
				CLANG_ENABLE_MODULES = YES;
				CLANG_ENABLE_OBJC_ARC = YES;
				CLANG_ENABLE_OBJC_WEAK = YES;
				CLANG_WARN_BLOCK_CAPTURE_AUTORELEASING = YES;
				CLANG_WARN_BOOL_CONVERSION = YES;
				CLANG_WARN_COMMA = YES;
				CLANG_WARN_CONSTANT_CONVERSION = YES;
				CLANG_WARN_DEPRECATED_OBJC_IMPLEMENTATIONS = YES;
				CLANG_WARN_DIRECT_OBJC_ISA_USAGE = YES_ERROR;
				CLANG_WARN_DOCUMENTATION_COMMENTS = YES;
				CLANG_WARN_EMPTY_BODY = YES;
				CLANG_WARN_ENUM_CONVERSION = YES;
				CLANG_WARN_INFINITE_RECURSION = YES;
				CLANG_WARN_INT_CONVERSION = YES;
				CLANG_WARN_NON_LITERAL_NULL_CONVERSION = YES;
				CLANG_WARN_OBJC_IMPLICIT_RETAIN_SELF = YES;
				CLANG_WARN_OBJC_LITERAL_CONVERSION = YES;
				CLANG_WARN_OBJC_ROOT_CLASS = YES_ERROR;
				CLANG_WARN_QUOTED_INCLUDE_IN_FRAMEWORK_HEADER = YES;
				CLANG_WARN_RANGE_LOOP_ANALYSIS = YES;
				CLANG_WARN_STRICT_PROTOTYPES = YES;
				CLANG_WARN_SUSPICIOUS_MOVE = YES;
				CLANG_WARN_UNGUARDED_AVAILABILITY = YES_AGGRESSIVE;
				CLANG_WARN_UNREACHABLE_CODE = YES;
				CLANG_WARN__DUPLICATE_METHOD_MATCH = YES;
				COPY_PHASE_STRIP = NO;
				DEBUG_INFORMATION_FORMAT = dwarf;
				ENABLE_STRICT_OBJC_MSGSEND = YES;
				ENABLE_TESTABILITY = YES;
				ENABLE_USER_SCRIPT_SANDBOXING = YES;
				GCC_C_LANGUAGE_STANDARD = gnu17;
				GCC_DYNAMIC_NO_PIC = NO;
				GCC_NO_COMMON_BLOCKS = YES;
				GCC_OPTIMIZATION_LEVEL = 0;
				GCC_PREPROCESSOR_DEFINITIONS = (
					"DEBUG=1",
					"$(inherited)",
				);
				GCC_WARN_64_TO_32_BIT_CONVERSION = YES;
				GCC_WARN_ABOUT_RETURN_TYPE = YES_ERROR;
				GCC_WARN_UNDECLARED_SELECTOR = YES;
				GCC_WARN_UNINITIALIZED_AUTOS = YES_AGGRESSIVE;
				GCC_WARN_UNUSED_FUNCTION = YES;
				GCC_WARN_UNUSED_VARIABLE = YES;
				IPHONEOS_DEPLOYMENT_TARGET = 17.4;
				LOCALIZATION_PREFERS_STRING_CATALOGS = YES;
				MTL_ENABLE_DEBUG_INFO = INCLUDE_SOURCE;
				MTL_FAST_MATH = YES;
				ONLY_ACTIVE_ARCH = YES;
				SDKROOT = iphoneos;
				SWIFT_ACTIVE_COMPILATION_CONDITIONS = "DEBUG $(inherited)";
				SWIFT_OPTIMIZATION_LEVEL = "-Onone";
			};
			name = Debug;
		};
		46F473432BDC09790004DDBF /* Release */ = {
			isa = XCBuildConfiguration;
			buildSettings = {
				ALWAYS_SEARCH_USER_PATHS = NO;
				ASSETCATALOG_COMPILER_GENERATE_SWIFT_ASSET_SYMBOL_EXTENSIONS = YES;
				CLANG_ANALYZER_NONNULL = YES;
				CLANG_ANALYZER_NUMBER_OBJECT_CONVERSION = YES_AGGRESSIVE;
				CLANG_CXX_LANGUAGE_STANDARD = "gnu++20";
				CLANG_ENABLE_MODULES = YES;
				CLANG_ENABLE_OBJC_ARC = YES;
				CLANG_ENABLE_OBJC_WEAK = YES;
				CLANG_WARN_BLOCK_CAPTURE_AUTORELEASING = YES;
				CLANG_WARN_BOOL_CONVERSION = YES;
				CLANG_WARN_COMMA = YES;
				CLANG_WARN_CONSTANT_CONVERSION = YES;
				CLANG_WARN_DEPRECATED_OBJC_IMPLEMENTATIONS = YES;
				CLANG_WARN_DIRECT_OBJC_ISA_USAGE = YES_ERROR;
				CLANG_WARN_DOCUMENTATION_COMMENTS = YES;
				CLANG_WARN_EMPTY_BODY = YES;
				CLANG_WARN_ENUM_CONVERSION = YES;
				CLANG_WARN_INFINITE_RECURSION = YES;
				CLANG_WARN_INT_CONVERSION = YES;
				CLANG_WARN_NON_LITERAL_NULL_CONVERSION = YES;
				CLANG_WARN_OBJC_IMPLICIT_RETAIN_SELF = YES;
				CLANG_WARN_OBJC_LITERAL_CONVERSION = YES;
				CLANG_WARN_OBJC_ROOT_CLASS = YES_ERROR;
				CLANG_WARN_QUOTED_INCLUDE_IN_FRAMEWORK_HEADER = YES;
				CLANG_WARN_RANGE_LOOP_ANALYSIS = YES;
				CLANG_WARN_STRICT_PROTOTYPES = YES;
				CLANG_WARN_SUSPICIOUS_MOVE = YES;
				CLANG_WARN_UNGUARDED_AVAILABILITY = YES_AGGRESSIVE;
				CLANG_WARN_UNREACHABLE_CODE = YES;
				CLANG_WARN__DUPLICATE_METHOD_MATCH = YES;
				COPY_PHASE_STRIP = NO;
				DEBUG_INFORMATION_FORMAT = "dwarf-with-dsym";
				ENABLE_NS_ASSERTIONS = NO;
				ENABLE_STRICT_OBJC_MSGSEND = YES;
				ENABLE_USER_SCRIPT_SANDBOXING = YES;
				GCC_C_LANGUAGE_STANDARD = gnu17;
				GCC_NO_COMMON_BLOCKS = YES;
				GCC_WARN_64_TO_32_BIT_CONVERSION = YES;
				GCC_WARN_ABOUT_RETURN_TYPE = YES_ERROR;
				GCC_WARN_UNDECLARED_SELECTOR = YES;
				GCC_WARN_UNINITIALIZED_AUTOS = YES_AGGRESSIVE;
				GCC_WARN_UNUSED_FUNCTION = YES;
				GCC_WARN_UNUSED_VARIABLE = YES;
				IPHONEOS_DEPLOYMENT_TARGET = 17.4;
				LOCALIZATION_PREFERS_STRING_CATALOGS = YES;
				MTL_ENABLE_DEBUG_INFO = NO;
				MTL_FAST_MATH = YES;
				SDKROOT = iphoneos;
				SWIFT_COMPILATION_MODE = wholemodule;
				VALIDATE_PRODUCT = YES;
			};
			name = Release;
		};
		46F473452BDC09790004DDBF /* Debug */ = {
			isa = XCBuildConfiguration;
			buildSettings = {
				ASSETCATALOG_COMPILER_APPICON_NAME = AppIcon;
				ASSETCATALOG_COMPILER_GLOBAL_ACCENT_COLOR_NAME = AccentColor;
				CODE_SIGN_STYLE = Automatic;
				CURRENT_PROJECT_VERSION = 1;
				GENERATE_INFOPLIST_FILE = YES;
				INFOPLIST_FILE = MVVM/Info.plist;
				INFOPLIST_KEY_UIApplicationSupportsIndirectInputEvents = YES;
				INFOPLIST_KEY_UILaunchStoryboardName = LaunchScreen;
				INFOPLIST_KEY_UIMainStoryboardFile = Main;
				INFOPLIST_KEY_UISupportedInterfaceOrientations_iPad = "UIInterfaceOrientationPortrait UIInterfaceOrientationPortraitUpsideDown UIInterfaceOrientationLandscapeLeft UIInterfaceOrientationLandscapeRight";
				INFOPLIST_KEY_UISupportedInterfaceOrientations_iPhone = "UIInterfaceOrientationPortrait UIInterfaceOrientationLandscapeLeft UIInterfaceOrientationLandscapeRight";
				LD_RUNPATH_SEARCH_PATHS = (
					"$(inherited)",
					"@executable_path/Frameworks",
				);
				MARKETING_VERSION = 1.0;
				PRODUCT_BUNDLE_IDENTIFIER = com.owennguyen.MVVM;
				PRODUCT_NAME = "$(TARGET_NAME)";
				SWIFT_EMIT_LOC_STRINGS = YES;
				SWIFT_VERSION = 5.0;
				TARGETED_DEVICE_FAMILY = "1,2";
			};
			name = Debug;
		};
		46F473462BDC09790004DDBF /* Release */ = {
			isa = XCBuildConfiguration;
			buildSettings = {
				ASSETCATALOG_COMPILER_APPICON_NAME = AppIcon;
				ASSETCATALOG_COMPILER_GLOBAL_ACCENT_COLOR_NAME = AccentColor;
				CODE_SIGN_STYLE = Automatic;
				CURRENT_PROJECT_VERSION = 1;
				GENERATE_INFOPLIST_FILE = YES;
				INFOPLIST_FILE = MVVM/Info.plist;
				INFOPLIST_KEY_UIApplicationSupportsIndirectInputEvents = YES;
				INFOPLIST_KEY_UILaunchStoryboardName = LaunchScreen;
				INFOPLIST_KEY_UIMainStoryboardFile = Main;
				INFOPLIST_KEY_UISupportedInterfaceOrientations_iPad = "UIInterfaceOrientationPortrait UIInterfaceOrientationPortraitUpsideDown UIInterfaceOrientationLandscapeLeft UIInterfaceOrientationLandscapeRight";
				INFOPLIST_KEY_UISupportedInterfaceOrientations_iPhone = "UIInterfaceOrientationPortrait UIInterfaceOrientationLandscapeLeft UIInterfaceOrientationLandscapeRight";
				LD_RUNPATH_SEARCH_PATHS = (
					"$(inherited)",
					"@executable_path/Frameworks",
				);
				MARKETING_VERSION = 1.0;
				PRODUCT_BUNDLE_IDENTIFIER = com.owennguyen.MVVM;
				PRODUCT_NAME = "$(TARGET_NAME)";
				SWIFT_EMIT_LOC_STRINGS = YES;
				SWIFT_VERSION = 5.0;
				TARGETED_DEVICE_FAMILY = "1,2";
			};
			name = Release;
		};
		46F473482BDC09790004DDBF /* Debug */ = {
			isa = XCBuildConfiguration;
			buildSettings = {
				ALWAYS_EMBED_SWIFT_STANDARD_LIBRARIES = YES;
				BUNDLE_LOADER = "$(TEST_HOST)";
				CODE_SIGN_STYLE = Automatic;
				CURRENT_PROJECT_VERSION = 1;
				GENERATE_INFOPLIST_FILE = YES;
				IPHONEOS_DEPLOYMENT_TARGET = 17.4;
				MARKETING_VERSION = 1.0;
				PRODUCT_BUNDLE_IDENTIFIER = com.owennguyen.MVVMTests;
				PRODUCT_NAME = "$(TARGET_NAME)";
				SWIFT_EMIT_LOC_STRINGS = NO;
				SWIFT_VERSION = 5.0;
				TARGETED_DEVICE_FAMILY = "1,2";
				TEST_HOST = "$(BUILT_PRODUCTS_DIR)/MVVM.app/$(BUNDLE_EXECUTABLE_FOLDER_PATH)/MVVM";
			};
			name = Debug;
		};
		46F473492BDC09790004DDBF /* Release */ = {
			isa = XCBuildConfiguration;
			buildSettings = {
				ALWAYS_EMBED_SWIFT_STANDARD_LIBRARIES = YES;
				BUNDLE_LOADER = "$(TEST_HOST)";
				CODE_SIGN_STYLE = Automatic;
				CURRENT_PROJECT_VERSION = 1;
				GENERATE_INFOPLIST_FILE = YES;
				IPHONEOS_DEPLOYMENT_TARGET = 17.4;
				MARKETING_VERSION = 1.0;
				PRODUCT_BUNDLE_IDENTIFIER = com.owennguyen.MVVMTests;
				PRODUCT_NAME = "$(TARGET_NAME)";
				SWIFT_EMIT_LOC_STRINGS = NO;
				SWIFT_VERSION = 5.0;
				TARGETED_DEVICE_FAMILY = "1,2";
				TEST_HOST = "$(BUILT_PRODUCTS_DIR)/MVVM.app/$(BUNDLE_EXECUTABLE_FOLDER_PATH)/MVVM";
			};
			name = Release;
		};
		46F4734B2BDC09790004DDBF /* Debug */ = {
			isa = XCBuildConfiguration;
			buildSettings = {
				ALWAYS_EMBED_SWIFT_STANDARD_LIBRARIES = YES;
				CODE_SIGN_STYLE = Automatic;
				CURRENT_PROJECT_VERSION = 1;
				GENERATE_INFOPLIST_FILE = YES;
				MARKETING_VERSION = 1.0;
				PRODUCT_BUNDLE_IDENTIFIER = com.owennguyen.MVVMUITests;
				PRODUCT_NAME = "$(TARGET_NAME)";
				SWIFT_EMIT_LOC_STRINGS = NO;
				SWIFT_VERSION = 5.0;
				TARGETED_DEVICE_FAMILY = "1,2";
				TEST_TARGET_NAME = MVVM;
			};
			name = Debug;
		};
		46F4734C2BDC09790004DDBF /* Release */ = {
			isa = XCBuildConfiguration;
			buildSettings = {
				ALWAYS_EMBED_SWIFT_STANDARD_LIBRARIES = YES;
				CODE_SIGN_STYLE = Automatic;
				CURRENT_PROJECT_VERSION = 1;
				GENERATE_INFOPLIST_FILE = YES;
				MARKETING_VERSION = 1.0;
				PRODUCT_BUNDLE_IDENTIFIER = com.owennguyen.MVVMUITests;
				PRODUCT_NAME = "$(TARGET_NAME)";
				SWIFT_EMIT_LOC_STRINGS = NO;
				SWIFT_VERSION = 5.0;
				TARGETED_DEVICE_FAMILY = "1,2";
				TEST_TARGET_NAME = MVVM;
			};
			name = Release;
		};
/* End XCBuildConfiguration section */

/* Begin XCConfigurationList section */
		46F473152BDC09780004DDBF /* Build configuration list for PBXProject "MVVM" */ = {
			isa = XCConfigurationList;
			buildConfigurations = (
				46F473422BDC09790004DDBF /* Debug */,
				46F473432BDC09790004DDBF /* Release */,
			);
			defaultConfigurationIsVisible = 0;
			defaultConfigurationName = Release;
		};
		46F473442BDC09790004DDBF /* Build configuration list for PBXNativeTarget "MVVM" */ = {
			isa = XCConfigurationList;
			buildConfigurations = (
				46F473452BDC09790004DDBF /* Debug */,
				46F473462BDC09790004DDBF /* Release */,
			);
			defaultConfigurationIsVisible = 0;
			defaultConfigurationName = Release;
		};
		46F473472BDC09790004DDBF /* Build configuration list for PBXNativeTarget "MVVMTests" */ = {
			isa = XCConfigurationList;
			buildConfigurations = (
				46F473482BDC09790004DDBF /* Debug */,
				46F473492BDC09790004DDBF /* Release */,
			);
			defaultConfigurationIsVisible = 0;
			defaultConfigurationName = Release;
		};
		46F4734A2BDC09790004DDBF /* Build configuration list for PBXNativeTarget "MVVMUITests" */ = {
			isa = XCConfigurationList;
			buildConfigurations = (
				46F4734B2BDC09790004DDBF /* Debug */,
				46F4734C2BDC09790004DDBF /* Release */,
			);
			defaultConfigurationIsVisible = 0;
			defaultConfigurationName = Release;
		};
/* End XCConfigurationList section */
	};
	rootObject = 46F473122BDC09780004DDBF /* Project object */;
}
